{
    "version": 3,
    "terraform_version": "0.11.7",
    "serial": 96,
    "lineage": "98cbb1d3-18b7-3d9d-aef3-ece6fb384eb7",
    "modules": [
        {
            "path": [
                "root"
            ],
            "outputs": {},
            "resources": {
                "aws_autoscaling_group.scale_config": {
                    "type": "aws_autoscaling_group",
                    "depends_on": [
                        "aws_launch_configuration.launch_conf",
                        "aws_lb_target_group.target",
                        "aws_subnet.private_subnet.*"
                    ],
                    "primary": {
                        "id": "danny_autoscaling_config",
                        "attributes": {
                            "arn": "arn:aws:autoscaling:eu-west-1:373993042843:autoScalingGroup:216ddbcc-2fde-45ea-83d7-e5871f53f2a6:autoScalingGroupName/danny_autoscaling_config",
                            "availability_zones.#": "3",
                            "availability_zones.1924028850": "eu-west-1b",
                            "availability_zones.3953592328": "eu-west-1a",
                            "availability_zones.94988580": "eu-west-1c",
                            "default_cooldown": "300",
                            "desired_capacity": "3",
                            "enabled_metrics.#": "0",
                            "force_delete": "false",
                            "health_check_grace_period": "300",
                            "health_check_type": "EC2",
                            "id": "danny_autoscaling_config",
                            "launch_configuration": "danny_launch_configuration20180823151625696400000001",
                            "launch_template.#": "0",
                            "load_balancers.#": "0",
                            "max_size": "5",
                            "metrics_granularity": "1Minute",
                            "min_size": "3",
                            "name": "danny_autoscaling_config",
                            "placement_group": "",
                            "protect_from_scale_in": "false",
                            "service_linked_role_arn": "arn:aws:iam::373993042843:role/aws-service-role/autoscaling.amazonaws.com/AWSServiceRoleForAutoScaling",
                            "suspended_processes.#": "0",
                            "tags.#": "1",
                            "tags.0.%": "3",
                            "tags.0.key": "Name",
                            "tags.0.propagate_at_launch": "1",
                            "tags.0.value": "danny_instance",
                            "target_group_arns.#": "1",
                            "target_group_arns.1651423004": "arn:aws:elasticloadbalancing:eu-west-1:373993042843:targetgroup/danny-target/4177002c8e5baf58",
                            "termination_policies.#": "0",
                            "vpc_zone_identifier.#": "3",
                            "vpc_zone_identifier.1451373104": "subnet-03b2893f30eeeadb1",
                            "vpc_zone_identifier.225438512": "subnet-040df7c2bbf321236",
                            "vpc_zone_identifier.580862299": "subnet-0cab8a53bc8c03eeb",
                            "wait_for_capacity_timeout": "10m"
                        },
                        "meta": {
                            "e2bfb730-ecaa-11e6-8f88-34363bc7c4c0": {
                                "delete": 600000000000
                            }
                        },
                        "tainted": false
                    },
                    "deposed": [],
                    "provider": "provider.aws"
                },
                "aws_eip.eip": {
                    "type": "aws_eip",
                    "depends_on": [],
                    "primary": {
                        "id": "eipalloc-07b31be19328460f0",
                        "attributes": {
                            "association_id": "eipassoc-6dfe7da0",
                            "domain": "vpc",
                            "id": "eipalloc-07b31be19328460f0",
                            "instance": "",
                            "network_interface": "eni-0fecbdb4f04a5f014",
                            "private_ip": "192.168.201.28",
                            "public_ip": "34.241.32.135",
                            "tags.%": "0",
                            "vpc": "true"
                        },
                        "meta": {
                            "e2bfb730-ecaa-11e6-8f88-34363bc7c4c0": {
                                "delete": 180000000000,
                                "read": 900000000000,
                                "update": 300000000000
                            }
                        },
                        "tainted": false
                    },
                    "deposed": [],
                    "provider": "provider.aws"
                },
                "aws_instance.bastion": {
                    "type": "aws_instance",
                    "depends_on": [
                        "aws_key_pair.CogKey",
                        "aws_security_group.allow_all",
                        "aws_subnet.public_subnet"
                    ],
                    "primary": {
                        "id": "i-09860bfecd3a14699",
                        "attributes": {
                            "ami": "ami-3548444c",
                            "associate_public_ip_address": "true",
                            "availability_zone": "eu-west-1a",
                            "credit_specification.#": "1",
                            "credit_specification.0.cpu_credits": "standard",
                            "disable_api_termination": "false",
                            "ebs_block_device.#": "0",
                            "ebs_optimized": "false",
                            "ephemeral_block_device.#": "0",
                            "get_password_data": "false",
                            "iam_instance_profile": "",
                            "id": "i-09860bfecd3a14699",
                            "instance_state": "running",
                            "instance_type": "t2.micro",
                            "ipv6_addresses.#": "0",
                            "key_name": "Cog-key",
                            "monitoring": "false",
                            "network_interface.#": "0",
                            "network_interface_id": "eni-01d802eadc44d2b96",
                            "password_data": "",
                            "placement_group": "",
                            "primary_network_interface_id": "eni-01d802eadc44d2b96",
                            "private_dns": "ip-192-168-201-152.eu-west-1.compute.internal",
                            "private_ip": "192.168.201.152",
                            "public_dns": "",
                            "public_ip": "34.249.36.78",
                            "root_block_device.#": "1",
                            "root_block_device.0.delete_on_termination": "false",
                            "root_block_device.0.iops": "100",
                            "root_block_device.0.volume_id": "vol-04f5f93fd95310f9f",
                            "root_block_device.0.volume_size": "8",
                            "root_block_device.0.volume_type": "gp2",
                            "security_groups.#": "0",
                            "source_dest_check": "true",
                            "subnet_id": "subnet-024ffcb5d9afdac8e",
                            "tags.%": "1",
                            "tags.Name": "danny_bastian_host",
                            "tenancy": "default",
                            "volume_tags.%": "0",
                            "vpc_security_group_ids.#": "1",
                            "vpc_security_group_ids.743167015": "sg-08624dca76578d5ee"
                        },
                        "meta": {
                            "e2bfb730-ecaa-11e6-8f88-34363bc7c4c0": {
                                "create": 600000000000,
                                "delete": 1200000000000,
                                "update": 600000000000
                            },
                            "schema_version": "1"
                        },
                        "tainted": false
                    },
                    "deposed": [],
                    "provider": "provider.aws"
                },
                "aws_internet_gateway.gw": {
                    "type": "aws_internet_gateway",
                    "depends_on": [
                        "aws_vpc.vpc"
                    ],
                    "primary": {
                        "id": "igw-0f44baa6b47160bfa",
                        "attributes": {
                            "id": "igw-0f44baa6b47160bfa",
                            "tags.%": "1",
                            "tags.Name": "Danny_v2",
                            "vpc_id": "vpc-014e1974f3526bf88"
                        },
                        "meta": {},
                        "tainted": false
                    },
                    "deposed": [],
                    "provider": "provider.aws"
                },
                "aws_key_pair.CogKey": {
                    "type": "aws_key_pair",
                    "depends_on": [],
                    "primary": {
                        "id": "Cog-key",
                        "attributes": {
                            "fingerprint": "5e:33:17:e5:9c:45:d7:41:e2:f1:85:44:1b:78:f9:e2",
                            "id": "Cog-key",
                            "key_name": "Cog-key",
                            "public_key": "ssh-rsa AAAAB3NzaC1yc2EAAAADAQABAAACAQD+oRVk9JQSVpA913KHY4LZp788P/9jG/0cGURjAJSKv4jRddmC2Q4W0whpt/yTh0OTKYWwTfdq3zBQqwjWVjzJBviUmL0gsDTUEMTkIA+gLZ/mfiJol5bBVZ7vqDK/UqiroWGjGDUwjK4WQFGaMNl5Agij+guoHimqyfmCw34HXMOcJX08WzqnbDHuDAUvq8j+Le3SFKZg8dnjVUibHYF7MC1/Y2AbCKID5oumWZ+7uS0SFgrBhfAgatIhBT+DKn/goncgWevwPeL13YSnNGn8kw+GG8H3145TfAa7Ixbb1rn350QIRgRUqe717Ja2TVAA3ywAjZXmNKJG2T4tZy08DNsDG9HPXgC2Gt0+9AxzfJ7p1SMAB5pbBoEA1/k3JtWDoyWgYCjmcvLcbswGI8FiORg4CRw7jccRkHDBRc4rY6WMlGpJzlGGiq7JYjgFAjq4GoJ1OxLm0YYvFqzDH2BENJnZFz+ObltSCMHtrV7OHj6wvTXo+Ac+CBxcVw/rYvMdJi4AT8e+qpp7MHPd+nwiCce+6f5tyw4ZgGGTB3TYczkd4MhOQKWqi3a2moCSS+dPkdkjcXMWiQ9enq8yL/bbwGssWq9gwoYrCJnKKD3xVFc6GkFKRQrdzSjyDOiK5cqdkghfFGPm1UJmtT7Bv387twbf21EM1xUcIYnTT4N18w== danny.lyubenov@accessorized.cognitobv.office"
                        },
                        "meta": {
                            "schema_version": "1"
                        },
                        "tainted": false
                    },
                    "deposed": [],
                    "provider": "provider.aws"
                },
                "aws_launch_configuration.launch_conf": {
                    "type": "aws_launch_configuration",
                    "depends_on": [
                        "aws_key_pair.CogKey",
                        "aws_security_group.allow_all"
                    ],
                    "primary": {
                        "id": "danny_launch_configuration20180823151625696400000001",
                        "attributes": {
                            "associate_public_ip_address": "false",
                            "ebs_block_device.#": "0",
                            "ebs_optimized": "false",
                            "enable_monitoring": "true",
                            "ephemeral_block_device.#": "0",
                            "iam_instance_profile": "",
                            "id": "danny_launch_configuration20180823151625696400000001",
                            "image_id": "ami-3548444c",
                            "instance_type": "t2.micro",
                            "key_name": "Cog-key",
                            "name": "danny_launch_configuration20180823151625696400000001",
                            "name_prefix": "danny_launch_configuration",
                            "root_block_device.#": "0",
                            "security_groups.#": "1",
                            "security_groups.743167015": "sg-08624dca76578d5ee",
                            "spot_price": "",
                            "vpc_classic_link_id": "",
                            "vpc_classic_link_security_groups.#": "0"
                        },
                        "meta": {},
                        "tainted": false
                    },
                    "deposed": [],
                    "provider": "provider.aws"
                },
                "aws_lb.balancer": {
                    "type": "aws_lb",
                    "depends_on": [
                        "aws_security_group.allow_all",
                        "aws_subnet.public_subnet.*"
                    ],
                    "primary": {
                        "id": "arn:aws:elasticloadbalancing:eu-west-1:373993042843:loadbalancer/app/danny-alb/eccadbd39d770e60",
                        "attributes": {
                            "access_logs.#": "0",
                            "arn": "arn:aws:elasticloadbalancing:eu-west-1:373993042843:loadbalancer/app/danny-alb/eccadbd39d770e60",
                            "arn_suffix": "app/danny-alb/eccadbd39d770e60",
                            "dns_name": "danny-alb-1321359453.eu-west-1.elb.amazonaws.com",
                            "enable_deletion_protection": "false",
                            "enable_http2": "true",
                            "id": "arn:aws:elasticloadbalancing:eu-west-1:373993042843:loadbalancer/app/danny-alb/eccadbd39d770e60",
                            "idle_timeout": "60",
                            "internal": "false",
                            "ip_address_type": "ipv4",
                            "load_balancer_type": "application",
                            "name": "danny-alb",
                            "security_groups.#": "1",
                            "security_groups.743167015": "sg-08624dca76578d5ee",
                            "subnet_mapping.#": "0",
                            "subnets.#": "3",
                            "subnets.1719056924": "subnet-0768d0fa546fced29",
                            "subnets.2175265881": "subnet-0e461e3e71df2f1c8",
                            "subnets.3418824651": "subnet-024ffcb5d9afdac8e",
                            "tags.%": "1",
                            "tags.Name": "danny_balancer",
                            "vpc_id": "vpc-014e1974f3526bf88",
                            "zone_id": "Z32O12XQLNTSW2"
                        },
                        "meta": {
                            "e2bfb730-ecaa-11e6-8f88-34363bc7c4c0": {
                                "create": 600000000000,
                                "delete": 600000000000,
                                "update": 600000000000
                            }
                        },
                        "tainted": false
                    },
                    "deposed": [],
                    "provider": "provider.aws"
                },
                "aws_lb_listener.listener": {
                    "type": "aws_lb_listener",
                    "depends_on": [
                        "aws_lb.balancer",
                        "aws_lb_target_group.target"
                    ],
                    "primary": {
                        "id": "arn:aws:elasticloadbalancing:eu-west-1:373993042843:listener/app/danny-alb/eccadbd39d770e60/5efb88a507e2a23c",
                        "attributes": {
                            "arn": "arn:aws:elasticloadbalancing:eu-west-1:373993042843:listener/app/danny-alb/eccadbd39d770e60/5efb88a507e2a23c",
                            "default_action.#": "1",
                            "default_action.0.target_group_arn": "arn:aws:elasticloadbalancing:eu-west-1:373993042843:targetgroup/danny-target/4177002c8e5baf58",
                            "default_action.0.type": "forward",
                            "id": "arn:aws:elasticloadbalancing:eu-west-1:373993042843:listener/app/danny-alb/eccadbd39d770e60/5efb88a507e2a23c",
                            "load_balancer_arn": "arn:aws:elasticloadbalancing:eu-west-1:373993042843:loadbalancer/app/danny-alb/eccadbd39d770e60",
                            "port": "80",
                            "protocol": "HTTP",
                            "ssl_policy": ""
                        },
                        "meta": {},
                        "tainted": false
                    },
                    "deposed": [],
                    "provider": "provider.aws"
                },
                "aws_lb_target_group.target": {
                    "type": "aws_lb_target_group",
                    "depends_on": [
                        "aws_vpc.vpc"
                    ],
                    "primary": {
                        "id": "arn:aws:elasticloadbalancing:eu-west-1:373993042843:targetgroup/danny-target/4177002c8e5baf58",
                        "attributes": {
                            "arn": "arn:aws:elasticloadbalancing:eu-west-1:373993042843:targetgroup/danny-target/4177002c8e5baf58",
                            "arn_suffix": "targetgroup/danny-target/4177002c8e5baf58",
                            "deregistration_delay": "300",
                            "health_check.#": "1",
                            "health_check.0.healthy_threshold": "3",
                            "health_check.0.interval": "30",
                            "health_check.0.matcher": "200",
                            "health_check.0.path": "/",
                            "health_check.0.port": "traffic-port",
                            "health_check.0.protocol": "HTTP",
                            "health_check.0.timeout": "10",
                            "health_check.0.unhealthy_threshold": "3",
                            "id": "arn:aws:elasticloadbalancing:eu-west-1:373993042843:targetgroup/danny-target/4177002c8e5baf58",
                            "name": "danny-target",
                            "port": "80",
                            "protocol": "HTTP",
                            "proxy_protocol_v2": "false",
                            "slow_start": "0",
                            "stickiness.#": "1",
                            "stickiness.0.cookie_duration": "86400",
                            "stickiness.0.enabled": "false",
                            "stickiness.0.type": "lb_cookie",
                            "tags.%": "0",
                            "target_type": "instance",
                            "vpc_id": "vpc-014e1974f3526bf88"
                        },
                        "meta": {},
                        "tainted": false
                    },
                    "deposed": [],
                    "provider": "provider.aws"
                },
                "aws_nat_gateway.nat": {
                    "type": "aws_nat_gateway",
                    "depends_on": [
                        "aws_eip.eip",
                        "aws_subnet.public_subnet"
                    ],
                    "primary": {
                        "id": "nat-02df3e22a5d080b88",
                        "attributes": {
                            "allocation_id": "eipalloc-07b31be19328460f0",
                            "id": "nat-02df3e22a5d080b88",
                            "network_interface_id": "eni-0fecbdb4f04a5f014",
                            "private_ip": "192.168.201.28",
                            "public_ip": "34.241.32.135",
                            "subnet_id": "subnet-024ffcb5d9afdac8e",
                            "tags.%": "1",
                            "tags.Name": "danny_nat"
                        },
                        "meta": {},
                        "tainted": false
                    },
                    "deposed": [],
                    "provider": "provider.aws"
                },
                "aws_route.private_route.0": {
                    "type": "aws_route",
                    "depends_on": [
                        "aws_nat_gateway.nat",
                        "aws_route_table.private_table.*"
                    ],
                    "primary": {
                        "id": "r-rtb-0c30b6695720013c41080289494",
                        "attributes": {
                            "destination_cidr_block": "0.0.0.0/0",
                            "destination_prefix_list_id": "",
                            "egress_only_gateway_id": "",
                            "gateway_id": "",
                            "id": "r-rtb-0c30b6695720013c41080289494",
                            "instance_id": "",
                            "instance_owner_id": "",
                            "nat_gateway_id": "nat-02df3e22a5d080b88",
                            "network_interface_id": "",
                            "origin": "CreateRoute",
                            "route_table_id": "rtb-0c30b6695720013c4",
                            "state": "active",
                            "vpc_peering_connection_id": ""
                        },
                        "meta": {
                            "e2bfb730-ecaa-11e6-8f88-34363bc7c4c0": {
                                "create": 120000000000,
                                "delete": 300000000000
                            }
                        },
                        "tainted": false
                    },
                    "deposed": [],
                    "provider": "provider.aws"
                },
                "aws_route.private_route.1": {
                    "type": "aws_route",
                    "depends_on": [
                        "aws_nat_gateway.nat",
                        "aws_route_table.private_table.*"
                    ],
                    "primary": {
                        "id": "r-rtb-08d1222825f85f5b61080289494",
                        "attributes": {
                            "destination_cidr_block": "0.0.0.0/0",
                            "destination_prefix_list_id": "",
                            "egress_only_gateway_id": "",
                            "gateway_id": "",
                            "id": "r-rtb-08d1222825f85f5b61080289494",
                            "instance_id": "",
                            "instance_owner_id": "",
                            "nat_gateway_id": "nat-02df3e22a5d080b88",
                            "network_interface_id": "",
                            "origin": "CreateRoute",
                            "route_table_id": "rtb-08d1222825f85f5b6",
                            "state": "active",
                            "vpc_peering_connection_id": ""
                        },
                        "meta": {
                            "e2bfb730-ecaa-11e6-8f88-34363bc7c4c0": {
                                "create": 120000000000,
                                "delete": 300000000000
                            }
                        },
                        "tainted": false
                    },
                    "deposed": [],
                    "provider": "provider.aws"
                },
                "aws_route.private_route.2": {
                    "type": "aws_route",
                    "depends_on": [
                        "aws_nat_gateway.nat",
                        "aws_route_table.private_table.*"
                    ],
                    "primary": {
                        "id": "r-rtb-04fa0b401444d9e9d1080289494",
                        "attributes": {
                            "destination_cidr_block": "0.0.0.0/0",
                            "destination_prefix_list_id": "",
                            "egress_only_gateway_id": "",
                            "gateway_id": "",
                            "id": "r-rtb-04fa0b401444d9e9d1080289494",
                            "instance_id": "",
                            "instance_owner_id": "",
                            "nat_gateway_id": "nat-02df3e22a5d080b88",
                            "network_interface_id": "",
                            "origin": "CreateRoute",
                            "route_table_id": "rtb-04fa0b401444d9e9d",
                            "state": "active",
                            "vpc_peering_connection_id": ""
                        },
                        "meta": {
                            "e2bfb730-ecaa-11e6-8f88-34363bc7c4c0": {
                                "create": 120000000000,
                                "delete": 300000000000
                            }
                        },
                        "tainted": false
                    },
                    "deposed": [],
                    "provider": "provider.aws"
                },
                "aws_route.public_route": {
                    "type": "aws_route",
                    "depends_on": [
                        "aws_internet_gateway.gw",
                        "aws_route_table.public_table"
                    ],
                    "primary": {
                        "id": "r-rtb-066711c063961eea41080289494",
                        "attributes": {
                            "destination_cidr_block": "0.0.0.0/0",
                            "destination_prefix_list_id": "",
                            "egress_only_gateway_id": "",
                            "gateway_id": "igw-0f44baa6b47160bfa",
                            "id": "r-rtb-066711c063961eea41080289494",
                            "instance_id": "",
                            "instance_owner_id": "",
                            "nat_gateway_id": "",
                            "network_interface_id": "",
                            "origin": "CreateRoute",
                            "route_table_id": "rtb-066711c063961eea4",
                            "state": "active",
                            "vpc_peering_connection_id": ""
                        },
                        "meta": {
                            "e2bfb730-ecaa-11e6-8f88-34363bc7c4c0": {
                                "create": 120000000000,
                                "delete": 300000000000
                            }
                        },
                        "tainted": false
                    },
                    "deposed": [],
                    "provider": "provider.aws"
                },
                "aws_route_table.private_table.0": {
                    "type": "aws_route_table",
                    "depends_on": [
                        "aws_vpc.vpc"
                    ],
                    "primary": {
                        "id": "rtb-0c30b6695720013c4",
                        "attributes": {
                            "id": "rtb-0c30b6695720013c4",
                            "propagating_vgws.#": "0",
                            "route.#": "1",
                            "route.1930554706.cidr_block": "0.0.0.0/0",
                            "route.1930554706.egress_only_gateway_id": "",
                            "route.1930554706.gateway_id": "",
                            "route.1930554706.instance_id": "",
                            "route.1930554706.ipv6_cidr_block": "",
                            "route.1930554706.nat_gateway_id": "nat-02df3e22a5d080b88",
                            "route.1930554706.network_interface_id": "",
                            "route.1930554706.vpc_peering_connection_id": "",
                            "tags.%": "1",
                            "tags.Name": "Danny_v2-private",
                            "vpc_id": "vpc-014e1974f3526bf88"
                        },
                        "meta": {},
                        "tainted": false
                    },
                    "deposed": [],
                    "provider": "provider.aws"
                },
                "aws_route_table.private_table.1": {
                    "type": "aws_route_table",
                    "depends_on": [
                        "aws_vpc.vpc"
                    ],
                    "primary": {
                        "id": "rtb-08d1222825f85f5b6",
                        "attributes": {
                            "id": "rtb-08d1222825f85f5b6",
                            "propagating_vgws.#": "0",
                            "route.#": "1",
                            "route.1930554706.cidr_block": "0.0.0.0/0",
                            "route.1930554706.egress_only_gateway_id": "",
                            "route.1930554706.gateway_id": "",
                            "route.1930554706.instance_id": "",
                            "route.1930554706.ipv6_cidr_block": "",
                            "route.1930554706.nat_gateway_id": "nat-02df3e22a5d080b88",
                            "route.1930554706.network_interface_id": "",
                            "route.1930554706.vpc_peering_connection_id": "",
                            "tags.%": "1",
                            "tags.Name": "Danny_v2-private",
                            "vpc_id": "vpc-014e1974f3526bf88"
                        },
                        "meta": {},
                        "tainted": false
                    },
                    "deposed": [],
                    "provider": "provider.aws"
                },
                "aws_route_table.private_table.2": {
                    "type": "aws_route_table",
                    "depends_on": [
                        "aws_vpc.vpc"
                    ],
                    "primary": {
                        "id": "rtb-04fa0b401444d9e9d",
                        "attributes": {
                            "id": "rtb-04fa0b401444d9e9d",
                            "propagating_vgws.#": "0",
                            "route.#": "1",
                            "route.1930554706.cidr_block": "0.0.0.0/0",
                            "route.1930554706.egress_only_gateway_id": "",
                            "route.1930554706.gateway_id": "",
                            "route.1930554706.instance_id": "",
                            "route.1930554706.ipv6_cidr_block": "",
                            "route.1930554706.nat_gateway_id": "nat-02df3e22a5d080b88",
                            "route.1930554706.network_interface_id": "",
                            "route.1930554706.vpc_peering_connection_id": "",
                            "tags.%": "1",
                            "tags.Name": "Danny_v2-private",
                            "vpc_id": "vpc-014e1974f3526bf88"
                        },
                        "meta": {},
                        "tainted": false
                    },
                    "deposed": [],
                    "provider": "provider.aws"
                },
                "aws_route_table.public_table": {
                    "type": "aws_route_table",
                    "depends_on": [
                        "aws_vpc.vpc"
                    ],
                    "primary": {
                        "id": "rtb-066711c063961eea4",
                        "attributes": {
                            "id": "rtb-066711c063961eea4",
                            "propagating_vgws.#": "0",
                            "route.#": "1",
                            "route.2173112151.cidr_block": "0.0.0.0/0",
                            "route.2173112151.egress_only_gateway_id": "",
                            "route.2173112151.gateway_id": "igw-0f44baa6b47160bfa",
                            "route.2173112151.instance_id": "",
                            "route.2173112151.ipv6_cidr_block": "",
                            "route.2173112151.nat_gateway_id": "",
                            "route.2173112151.network_interface_id": "",
                            "route.2173112151.vpc_peering_connection_id": "",
                            "tags.%": "1",
                            "tags.Name": "Danny_v2-public",
                            "vpc_id": "vpc-014e1974f3526bf88"
                        },
                        "meta": {},
                        "tainted": false
                    },
                    "deposed": [],
                    "provider": "provider.aws"
                },
                "aws_route_table_association.assosiate_private.0": {
                    "type": "aws_route_table_association",
                    "depends_on": [
                        "aws_route_table.private_table.*",
                        "aws_subnet.private_subnet.*"
                    ],
                    "primary": {
                        "id": "rtbassoc-06664dd00eebbf454",
                        "attributes": {
                            "id": "rtbassoc-06664dd00eebbf454",
                            "route_table_id": "rtb-0c30b6695720013c4",
                            "subnet_id": "subnet-0cab8a53bc8c03eeb"
                        },
                        "meta": {},
                        "tainted": false
                    },
                    "deposed": [],
                    "provider": "provider.aws"
                },
                "aws_route_table_association.assosiate_private.1": {
                    "type": "aws_route_table_association",
                    "depends_on": [
                        "aws_route_table.private_table.*",
                        "aws_subnet.private_subnet.*"
                    ],
                    "primary": {
                        "id": "rtbassoc-06911d9b392e103ac",
                        "attributes": {
                            "id": "rtbassoc-06911d9b392e103ac",
                            "route_table_id": "rtb-08d1222825f85f5b6",
                            "subnet_id": "subnet-03b2893f30eeeadb1"
                        },
                        "meta": {},
                        "tainted": false
                    },
                    "deposed": [],
                    "provider": "provider.aws"
                },
                "aws_route_table_association.assosiate_private.2": {
                    "type": "aws_route_table_association",
                    "depends_on": [
                        "aws_route_table.private_table.*",
                        "aws_subnet.private_subnet.*"
                    ],
                    "primary": {
                        "id": "rtbassoc-0ef333effdb6ef953",
                        "attributes": {
                            "id": "rtbassoc-0ef333effdb6ef953",
                            "route_table_id": "rtb-04fa0b401444d9e9d",
                            "subnet_id": "subnet-040df7c2bbf321236"
                        },
                        "meta": {},
                        "tainted": false
                    },
                    "deposed": [],
                    "provider": "provider.aws"
                },
                "aws_route_table_association.assosiate_public.0": {
                    "type": "aws_route_table_association",
                    "depends_on": [
                        "aws_route_table.public_table",
                        "aws_subnet.public_subnet.*"
                    ],
                    "primary": {
                        "id": "rtbassoc-034027fdcaaa12a4d",
                        "attributes": {
                            "id": "rtbassoc-034027fdcaaa12a4d",
                            "route_table_id": "rtb-066711c063961eea4",
                            "subnet_id": "subnet-024ffcb5d9afdac8e"
                        },
                        "meta": {},
                        "tainted": false
                    },
                    "deposed": [],
                    "provider": "provider.aws"
                },
                "aws_route_table_association.assosiate_public.1": {
                    "type": "aws_route_table_association",
                    "depends_on": [
                        "aws_route_table.public_table",
                        "aws_subnet.public_subnet.*"
                    ],
                    "primary": {
                        "id": "rtbassoc-0b8b37d8e95f1cc49",
                        "attributes": {
                            "id": "rtbassoc-0b8b37d8e95f1cc49",
                            "route_table_id": "rtb-066711c063961eea4",
                            "subnet_id": "subnet-0e461e3e71df2f1c8"
                        },
                        "meta": {},
                        "tainted": false
                    },
                    "deposed": [],
                    "provider": "provider.aws"
                },
                "aws_route_table_association.assosiate_public.2": {
                    "type": "aws_route_table_association",
                    "depends_on": [
                        "aws_route_table.public_table",
                        "aws_subnet.public_subnet.*"
                    ],
                    "primary": {
                        "id": "rtbassoc-0280e94a27872b87a",
                        "attributes": {
                            "id": "rtbassoc-0280e94a27872b87a",
                            "route_table_id": "rtb-066711c063961eea4",
                            "subnet_id": "subnet-0768d0fa546fced29"
                        },
                        "meta": {},
                        "tainted": false
                    },
                    "deposed": [],
                    "provider": "provider.aws"
                },
                "aws_security_group.allow_all": {
                    "type": "aws_security_group",
                    "depends_on": [
                        "aws_vpc.vpc"
                    ],
                    "primary": {
                        "id": "sg-08624dca76578d5ee",
                        "attributes": {
                            "arn": "arn:aws:ec2:eu-west-1:373993042843:security-group/sg-08624dca76578d5ee",
                            "description": "Allow all inbound traffic",
                            "egress.#": "2",
                            "egress.1403647648.cidr_blocks.#": "1",
                            "egress.1403647648.cidr_blocks.0": "0.0.0.0/0",
                            "egress.1403647648.description": "",
                            "egress.1403647648.from_port": "0",
                            "egress.1403647648.ipv6_cidr_blocks.#": "0",
                            "egress.1403647648.prefix_list_ids.#": "0",
                            "egress.1403647648.protocol": "tcp",
                            "egress.1403647648.security_groups.#": "0",
                            "egress.1403647648.self": "false",
                            "egress.1403647648.to_port": "65535",
                            "egress.1799340084.cidr_blocks.#": "1",
                            "egress.1799340084.cidr_blocks.0": "0.0.0.0/0",
                            "egress.1799340084.description": "",
                            "egress.1799340084.from_port": "-1",
                            "egress.1799340084.ipv6_cidr_blocks.#": "0",
                            "egress.1799340084.prefix_list_ids.#": "0",
                            "egress.1799340084.protocol": "icmp",
                            "egress.1799340084.security_groups.#": "0",
                            "egress.1799340084.self": "false",
                            "egress.1799340084.to_port": "-1",
                            "id": "sg-08624dca76578d5ee",
                            "ingress.#": "3",
                            "ingress.2214680975.cidr_blocks.#": "1",
                            "ingress.2214680975.cidr_blocks.0": "0.0.0.0/0",
                            "ingress.2214680975.description": "",
                            "ingress.2214680975.from_port": "80",
                            "ingress.2214680975.ipv6_cidr_blocks.#": "0",
                            "ingress.2214680975.protocol": "tcp",
                            "ingress.2214680975.security_groups.#": "0",
                            "ingress.2214680975.self": "false",
                            "ingress.2214680975.to_port": "80",
                            "ingress.2541437006.cidr_blocks.#": "1",
                            "ingress.2541437006.cidr_blocks.0": "0.0.0.0/0",
                            "ingress.2541437006.description": "",
                            "ingress.2541437006.from_port": "22",
                            "ingress.2541437006.ipv6_cidr_blocks.#": "0",
                            "ingress.2541437006.protocol": "tcp",
                            "ingress.2541437006.security_groups.#": "0",
                            "ingress.2541437006.self": "false",
                            "ingress.2541437006.to_port": "22",
                            "ingress.2617001939.cidr_blocks.#": "1",
                            "ingress.2617001939.cidr_blocks.0": "0.0.0.0/0",
                            "ingress.2617001939.description": "",
                            "ingress.2617001939.from_port": "443",
                            "ingress.2617001939.ipv6_cidr_blocks.#": "0",
                            "ingress.2617001939.protocol": "tcp",
                            "ingress.2617001939.security_groups.#": "0",
                            "ingress.2617001939.self": "false",
                            "ingress.2617001939.to_port": "443",
                            "name": "allow_all",
                            "owner_id": "373993042843",
                            "revoke_rules_on_delete": "false",
                            "tags.%": "1",
                            "tags.Name": "allow_all",
                            "vpc_id": "vpc-014e1974f3526bf88"
                        },
                        "meta": {
                            "e2bfb730-ecaa-11e6-8f88-34363bc7c4c0": {
                                "create": 600000000000,
                                "delete": 600000000000
                            },
                            "schema_version": "1"
                        },
                        "tainted": false
                    },
                    "deposed": [],
                    "provider": "provider.aws"
                },
                "aws_subnet.private_subnet.0": {
                    "type": "aws_subnet",
                    "depends_on": [
                        "aws_vpc.vpc",
                        "data.aws_availability_zones.available"
                    ],
                    "primary": {
                        "id": "subnet-0cab8a53bc8c03eeb",
                        "attributes": {
                            "assign_ipv6_address_on_creation": "false",
                            "availability_zone": "eu-west-1a",
                            "cidr_block": "192.168.1.0/24",
                            "id": "subnet-0cab8a53bc8c03eeb",
                            "map_public_ip_on_launch": "false",
                            "tags.%": "1",
                            "tags.Name": "private_eu-west-1b",
                            "vpc_id": "vpc-014e1974f3526bf88"
                        },
                        "meta": {
                            "schema_version": "1"
                        },
                        "tainted": false
                    },
                    "deposed": [],
                    "provider": "provider.aws"
                },
                "aws_subnet.private_subnet.1": {
                    "type": "aws_subnet",
                    "depends_on": [
                        "aws_vpc.vpc",
                        "data.aws_availability_zones.available"
                    ],
                    "primary": {
                        "id": "subnet-03b2893f30eeeadb1",
                        "attributes": {
                            "assign_ipv6_address_on_creation": "false",
                            "availability_zone": "eu-west-1b",
                            "cidr_block": "192.168.2.0/24",
                            "id": "subnet-03b2893f30eeeadb1",
                            "map_public_ip_on_launch": "false",
                            "tags.%": "1",
                            "tags.Name": "private_eu-west-1c",
                            "vpc_id": "vpc-014e1974f3526bf88"
                        },
                        "meta": {
                            "schema_version": "1"
                        },
                        "tainted": false
                    },
                    "deposed": [],
                    "provider": "provider.aws"
                },
                "aws_subnet.private_subnet.2": {
                    "type": "aws_subnet",
                    "depends_on": [
                        "aws_vpc.vpc",
                        "data.aws_availability_zones.available"
                    ],
                    "primary": {
                        "id": "subnet-040df7c2bbf321236",
                        "attributes": {
                            "assign_ipv6_address_on_creation": "false",
                            "availability_zone": "eu-west-1c",
                            "cidr_block": "192.168.3.0/24",
                            "id": "subnet-040df7c2bbf321236",
                            "map_public_ip_on_launch": "false",
                            "tags.%": "1",
                            "tags.Name": "private_eu-west-1a",
                            "vpc_id": "vpc-014e1974f3526bf88"
                        },
                        "meta": {
                            "schema_version": "1"
                        },
                        "tainted": false
                    },
                    "deposed": [],
                    "provider": "provider.aws"
                },
                "aws_subnet.public_subnet.0": {
                    "type": "aws_subnet",
                    "depends_on": [
                        "aws_vpc.vpc",
                        "data.aws_availability_zones.available"
                    ],
                    "primary": {
                        "id": "subnet-024ffcb5d9afdac8e",
                        "attributes": {
                            "assign_ipv6_address_on_creation": "false",
                            "availability_zone": "eu-west-1a",
                            "cidr_block": "192.168.201.0/24",
                            "id": "subnet-024ffcb5d9afdac8e",
                            "map_public_ip_on_launch": "false",
                            "tags.%": "1",
                            "tags.Name": "public_eu-west-1b",
                            "vpc_id": "vpc-014e1974f3526bf88"
                        },
                        "meta": {
                            "schema_version": "1"
                        },
                        "tainted": false
                    },
                    "deposed": [],
                    "provider": "provider.aws"
                },
                "aws_subnet.public_subnet.1": {
                    "type": "aws_subnet",
                    "depends_on": [
                        "aws_vpc.vpc",
                        "data.aws_availability_zones.available"
                    ],
                    "primary": {
                        "id": "subnet-0e461e3e71df2f1c8",
                        "attributes": {
                            "assign_ipv6_address_on_creation": "false",
                            "availability_zone": "eu-west-1b",
                            "cidr_block": "192.168.202.0/24",
                            "id": "subnet-0e461e3e71df2f1c8",
                            "map_public_ip_on_launch": "false",
                            "tags.%": "1",
                            "tags.Name": "public_eu-west-1c",
                            "vpc_id": "vpc-014e1974f3526bf88"
                        },
                        "meta": {
                            "schema_version": "1"
                        },
                        "tainted": false
                    },
                    "deposed": [],
                    "provider": "provider.aws"
                },
                "aws_subnet.public_subnet.2": {
                    "type": "aws_subnet",
                    "depends_on": [
                        "aws_vpc.vpc",
                        "data.aws_availability_zones.available"
                    ],
                    "primary": {
                        "id": "subnet-0768d0fa546fced29",
                        "attributes": {
                            "assign_ipv6_address_on_creation": "false",
                            "availability_zone": "eu-west-1c",
                            "cidr_block": "192.168.203.0/24",
                            "id": "subnet-0768d0fa546fced29",
                            "map_public_ip_on_launch": "false",
                            "tags.%": "1",
                            "tags.Name": "public_eu-west-1a",
                            "vpc_id": "vpc-014e1974f3526bf88"
                        },
                        "meta": {
                            "schema_version": "1"
                        },
                        "tainted": false
                    },
                    "deposed": [],
                    "provider": "provider.aws"
                },
                "aws_vpc.vpc": {
                    "type": "aws_vpc",
                    "depends_on": [],
                    "primary": {
                        "id": "vpc-014e1974f3526bf88",
                        "attributes": {
                            "assign_generated_ipv6_cidr_block": "false",
                            "cidr_block": "192.168.0.0/16",
                            "default_network_acl_id": "acl-073dfaf5501064c36",
                            "default_route_table_id": "rtb-0fc783e64fbe75776",
                            "default_security_group_id": "sg-0f0bcca484de79f74",
                            "dhcp_options_id": "dopt-b8cf60dc",
                            "enable_classiclink": "false",
                            "enable_classiclink_dns_support": "false",
                            "enable_dns_hostnames": "false",
                            "enable_dns_support": "true",
                            "id": "vpc-014e1974f3526bf88",
                            "instance_tenancy": "default",
                            "main_route_table_id": "rtb-0fc783e64fbe75776",
                            "tags.%": "1",
                            "tags.Name": "Danny_v2"
                        },
                        "meta": {
                            "schema_version": "1"
                        },
                        "tainted": false
                    },
                    "deposed": [],
                    "provider": "provider.aws"
                },
                "data.aws_availability_zones.available": {
                    "type": "aws_availability_zones",
                    "depends_on": [],
                    "primary": {
                        "id": "2018-08-23 15:20:01.721438 +0000 UTC",
                        "attributes": {
                            "id": "2018-08-23 15:20:01.721438 +0000 UTC",
                            "names.#": "3",
                            "names.0": "eu-west-1a",
                            "names.1": "eu-west-1b",
                            "names.2": "eu-west-1c"
                        },
                        "meta": {},
                        "tainted": false
                    },
                    "deposed": [],
                    "provider": "provider.aws"
                }
            },
            "depends_on": []
        }
    ]
}
