{
    "version": 3,
    "terraform_version": "0.11.7",
    "serial": 42,
    "lineage": "98cbb1d3-18b7-3d9d-aef3-ece6fb384eb7",
    "modules": [
        {
            "path": [
                "root"
            ],
            "outputs": {},
            "resources": {
                "aws_autoscaling_group.scale_config": {
                    "type": "aws_autoscaling_group",
                    "depends_on": [
                        "aws_launch_configuration.launch_conf",
                        "aws_subnet.subnet.*"
                    ],
                    "primary": {
                        "id": "danny_autoscaling_config",
                        "attributes": {
                            "arn": "arn:aws:autoscaling:eu-west-1:373993042843:autoScalingGroup:4886d053-19ad-4ac7-b616-3cf28be8811e:autoScalingGroupName/danny_autoscaling_config",
                            "availability_zones.#": "3",
                            "availability_zones.1924028850": "eu-west-1b",
                            "availability_zones.3953592328": "eu-west-1a",
                            "availability_zones.94988580": "eu-west-1c",
                            "default_cooldown": "300",
                            "desired_capacity": "4",
                            "enabled_metrics.#": "0",
                            "force_delete": "false",
                            "health_check_grace_period": "300",
                            "health_check_type": "EC2",
                            "id": "danny_autoscaling_config",
                            "launch_configuration": "danny_launch_configuration20180806153018945300000001",
                            "launch_template.#": "0",
                            "load_balancers.#": "0",
                            "max_size": "5",
                            "metrics_granularity": "1Minute",
                            "min_size": "4",
                            "name": "danny_autoscaling_config",
                            "placement_group": "",
                            "protect_from_scale_in": "false",
                            "service_linked_role_arn": "arn:aws:iam::373993042843:role/aws-service-role/autoscaling.amazonaws.com/AWSServiceRoleForAutoScaling",
                            "suspended_processes.#": "0",
                            "tags.#": "1",
                            "tags.0.%": "3",
                            "tags.0.key": "Name",
                            "tags.0.propagate_at_launch": "1",
                            "tags.0.value": "danny_instance",
                            "target_group_arns.#": "0",
                            "termination_policies.#": "0",
                            "vpc_zone_identifier.#": "3",
                            "vpc_zone_identifier.2687561324": "subnet-0012f704c09f1f1ed",
                            "vpc_zone_identifier.332372839": "subnet-00906550b019efe8a",
                            "vpc_zone_identifier.3957334491": "subnet-03eb37f161d9bf366",
                            "wait_for_capacity_timeout": "10m"
                        },
                        "meta": {
                            "e2bfb730-ecaa-11e6-8f88-34363bc7c4c0": {
                                "delete": 600000000000
                            }
                        },
                        "tainted": false
                    },
                    "deposed": [],
                    "provider": "provider.aws"
                },
                "aws_internet_gateway.gw": {
                    "type": "aws_internet_gateway",
                    "depends_on": [
                        "aws_vpc.vpc"
                    ],
                    "primary": {
                        "id": "igw-049b05ff4213336e3",
                        "attributes": {
                            "id": "igw-049b05ff4213336e3",
                            "tags.%": "1",
                            "tags.Name": "Danny_v2",
                            "vpc_id": "vpc-0147077fd0f4292a9"
                        },
                        "meta": {},
                        "tainted": false
                    },
                    "deposed": [],
                    "provider": "provider.aws"
                },
                "aws_key_pair.CogKey": {
                    "type": "aws_key_pair",
                    "depends_on": [],
                    "primary": {
                        "id": "Cog-key",
                        "attributes": {
                            "fingerprint": "5e:33:17:e5:9c:45:d7:41:e2:f1:85:44:1b:78:f9:e2",
                            "id": "Cog-key",
                            "key_name": "Cog-key",
                            "public_key": "ssh-rsa AAAAB3NzaC1yc2EAAAADAQABAAACAQD+oRVk9JQSVpA913KHY4LZp788P/9jG/0cGURjAJSKv4jRddmC2Q4W0whpt/yTh0OTKYWwTfdq3zBQqwjWVjzJBviUmL0gsDTUEMTkIA+gLZ/mfiJol5bBVZ7vqDK/UqiroWGjGDUwjK4WQFGaMNl5Agij+guoHimqyfmCw34HXMOcJX08WzqnbDHuDAUvq8j+Le3SFKZg8dnjVUibHYF7MC1/Y2AbCKID5oumWZ+7uS0SFgrBhfAgatIhBT+DKn/goncgWevwPeL13YSnNGn8kw+GG8H3145TfAa7Ixbb1rn350QIRgRUqe717Ja2TVAA3ywAjZXmNKJG2T4tZy08DNsDG9HPXgC2Gt0+9AxzfJ7p1SMAB5pbBoEA1/k3JtWDoyWgYCjmcvLcbswGI8FiORg4CRw7jccRkHDBRc4rY6WMlGpJzlGGiq7JYjgFAjq4GoJ1OxLm0YYvFqzDH2BENJnZFz+ObltSCMHtrV7OHj6wvTXo+Ac+CBxcVw/rYvMdJi4AT8e+qpp7MHPd+nwiCce+6f5tyw4ZgGGTB3TYczkd4MhOQKWqi3a2moCSS+dPkdkjcXMWiQ9enq8yL/bbwGssWq9gwoYrCJnKKD3xVFc6GkFKRQrdzSjyDOiK5cqdkghfFGPm1UJmtT7Bv387twbf21EM1xUcIYnTT4N18w== danny.lyubenov@accessorized.cognitobv.office"
                        },
                        "meta": {
                            "schema_version": "1"
                        },
                        "tainted": false
                    },
                    "deposed": [],
                    "provider": "provider.aws"
                },
                "aws_launch_configuration.launch_conf": {
                    "type": "aws_launch_configuration",
                    "depends_on": [
                        "aws_security_group.allow_all"
                    ],
                    "primary": {
                        "id": "danny_launch_configuration20180806153018945300000001",
                        "attributes": {
                            "associate_public_ip_address": "true",
                            "ebs_block_device.#": "0",
                            "ebs_optimized": "false",
                            "enable_monitoring": "true",
                            "ephemeral_block_device.#": "0",
                            "iam_instance_profile": "",
                            "id": "danny_launch_configuration20180806153018945300000001",
                            "image_id": "ami-3548444c",
                            "instance_type": "t2.micro",
                            "key_name": "",
                            "name": "danny_launch_configuration20180806153018945300000001",
                            "name_prefix": "danny_launch_configuration",
                            "root_block_device.#": "0",
                            "security_groups.#": "1",
                            "security_groups.1204142687": "sg-0dbc4802642661712",
                            "spot_price": "",
                            "vpc_classic_link_id": "",
                            "vpc_classic_link_security_groups.#": "0"
                        },
                        "meta": {},
                        "tainted": false
                    },
                    "deposed": [],
                    "provider": "provider.aws"
                },
                "aws_lb.balancer": {
                    "type": "aws_lb",
                    "depends_on": [
                        "aws_security_group.allow_all",
                        "aws_subnet.subnet.*"
                    ],
                    "primary": {
                        "id": "arn:aws:elasticloadbalancing:eu-west-1:373993042843:loadbalancer/app/danny-alb/f1d2eacb42f6337e",
                        "attributes": {
                            "access_logs.#": "0",
                            "arn": "arn:aws:elasticloadbalancing:eu-west-1:373993042843:loadbalancer/app/danny-alb/f1d2eacb42f6337e",
                            "arn_suffix": "app/danny-alb/f1d2eacb42f6337e",
                            "dns_name": "danny-alb-1605423024.eu-west-1.elb.amazonaws.com",
                            "enable_deletion_protection": "false",
                            "enable_http2": "true",
                            "id": "arn:aws:elasticloadbalancing:eu-west-1:373993042843:loadbalancer/app/danny-alb/f1d2eacb42f6337e",
                            "idle_timeout": "60",
                            "internal": "false",
                            "ip_address_type": "ipv4",
                            "load_balancer_type": "application",
                            "name": "danny-alb",
                            "security_groups.#": "1",
                            "security_groups.1204142687": "sg-0dbc4802642661712",
                            "subnet_mapping.#": "0",
                            "subnets.#": "3",
                            "subnets.2687561324": "subnet-0012f704c09f1f1ed",
                            "subnets.332372839": "subnet-00906550b019efe8a",
                            "subnets.3957334491": "subnet-03eb37f161d9bf366",
                            "tags.%": "1",
                            "tags.Name": "balancer",
                            "vpc_id": "vpc-0147077fd0f4292a9",
                            "zone_id": "Z32O12XQLNTSW2"
                        },
                        "meta": {
                            "e2bfb730-ecaa-11e6-8f88-34363bc7c4c0": {
                                "create": 600000000000,
                                "delete": 600000000000,
                                "update": 600000000000
                            }
                        },
                        "tainted": false
                    },
                    "deposed": [],
                    "provider": "provider.aws"
                },
                "aws_lb_listener.listener": {
                    "type": "aws_lb_listener",
                    "depends_on": [
                        "aws_lb.balancer",
                        "aws_lb_target_group.target"
                    ],
                    "primary": {
                        "id": "arn:aws:elasticloadbalancing:eu-west-1:373993042843:listener/app/danny-alb/f1d2eacb42f6337e/103c7225c6ef2a30",
                        "attributes": {
                            "arn": "arn:aws:elasticloadbalancing:eu-west-1:373993042843:listener/app/danny-alb/f1d2eacb42f6337e/103c7225c6ef2a30",
                            "certificate_arn": "arn:aws:acm:eu-west-1:373993042843:certificate/9eedab26-6919-408b-9949-9362d80f75a6",
                            "default_action.#": "1",
                            "default_action.0.target_group_arn": "arn:aws:elasticloadbalancing:eu-west-1:373993042843:targetgroup/danny-target/a4659f7a62e432a8",
                            "default_action.0.type": "forward",
                            "id": "arn:aws:elasticloadbalancing:eu-west-1:373993042843:listener/app/danny-alb/f1d2eacb42f6337e/103c7225c6ef2a30",
                            "load_balancer_arn": "arn:aws:elasticloadbalancing:eu-west-1:373993042843:loadbalancer/app/danny-alb/f1d2eacb42f6337e",
                            "port": "443",
                            "protocol": "HTTPS",
                            "ssl_policy": "ELBSecurityPolicy-2016-08"
                        },
                        "meta": {},
                        "tainted": false
                    },
                    "deposed": [],
                    "provider": "provider.aws"
                },
                "aws_lb_target_group.target": {
                    "type": "aws_lb_target_group",
                    "depends_on": [
                        "aws_vpc.vpc"
                    ],
                    "primary": {
                        "id": "arn:aws:elasticloadbalancing:eu-west-1:373993042843:targetgroup/danny-target/a4659f7a62e432a8",
                        "attributes": {
                            "arn": "arn:aws:elasticloadbalancing:eu-west-1:373993042843:targetgroup/danny-target/a4659f7a62e432a8",
                            "arn_suffix": "targetgroup/danny-target/a4659f7a62e432a8",
                            "deregistration_delay": "300",
                            "health_check.#": "1",
                            "health_check.0.healthy_threshold": "3",
                            "health_check.0.interval": "30",
                            "health_check.0.matcher": "200",
                            "health_check.0.path": "/",
                            "health_check.0.port": "traffic-port",
                            "health_check.0.protocol": "HTTP",
                            "health_check.0.timeout": "10",
                            "health_check.0.unhealthy_threshold": "3",
                            "id": "arn:aws:elasticloadbalancing:eu-west-1:373993042843:targetgroup/danny-target/a4659f7a62e432a8",
                            "name": "danny-target",
                            "port": "80",
                            "protocol": "HTTP",
                            "proxy_protocol_v2": "false",
                            "slow_start": "0",
                            "stickiness.#": "1",
                            "stickiness.0.cookie_duration": "86400",
                            "stickiness.0.enabled": "false",
                            "stickiness.0.type": "lb_cookie",
                            "tags.%": "0",
                            "target_type": "instance",
                            "vpc_id": "vpc-0147077fd0f4292a9"
                        },
                        "meta": {},
                        "tainted": false
                    },
                    "deposed": [],
                    "provider": "provider.aws"
                },
                "aws_route.r": {
                    "type": "aws_route",
                    "depends_on": [
                        "aws_internet_gateway.gw",
                        "aws_route_table.r"
                    ],
                    "primary": {
                        "id": "r-rtb-0f2e9ae1f38aa15191080289494",
                        "attributes": {
                            "destination_cidr_block": "0.0.0.0/0",
                            "destination_prefix_list_id": "",
                            "egress_only_gateway_id": "",
                            "gateway_id": "igw-049b05ff4213336e3",
                            "id": "r-rtb-0f2e9ae1f38aa15191080289494",
                            "instance_id": "",
                            "instance_owner_id": "",
                            "nat_gateway_id": "",
                            "network_interface_id": "",
                            "origin": "CreateRoute",
                            "route_table_id": "rtb-0f2e9ae1f38aa1519",
                            "state": "active",
                            "vpc_peering_connection_id": ""
                        },
                        "meta": {
                            "e2bfb730-ecaa-11e6-8f88-34363bc7c4c0": {
                                "create": 120000000000,
                                "delete": 300000000000
                            }
                        },
                        "tainted": false
                    },
                    "deposed": [],
                    "provider": "provider.aws"
                },
                "aws_route_table.r": {
                    "type": "aws_route_table",
                    "depends_on": [
                        "aws_vpc.vpc"
                    ],
                    "primary": {
                        "id": "rtb-0f2e9ae1f38aa1519",
                        "attributes": {
                            "id": "rtb-0f2e9ae1f38aa1519",
                            "propagating_vgws.#": "0",
                            "route.#": "1",
                            "route.4285917972.cidr_block": "0.0.0.0/0",
                            "route.4285917972.egress_only_gateway_id": "",
                            "route.4285917972.gateway_id": "igw-049b05ff4213336e3",
                            "route.4285917972.instance_id": "",
                            "route.4285917972.ipv6_cidr_block": "",
                            "route.4285917972.nat_gateway_id": "",
                            "route.4285917972.network_interface_id": "",
                            "route.4285917972.vpc_peering_connection_id": "",
                            "tags.%": "1",
                            "tags.Name": "Danny_v2-public",
                            "vpc_id": "vpc-0147077fd0f4292a9"
                        },
                        "meta": {},
                        "tainted": false
                    },
                    "deposed": [],
                    "provider": "provider.aws"
                },
                "aws_route_table_association.assosiate.0": {
                    "type": "aws_route_table_association",
                    "depends_on": [
                        "aws_route_table.r",
                        "aws_subnet.subnet.*"
                    ],
                    "primary": {
                        "id": "rtbassoc-0c80a9808ba0314e1",
                        "attributes": {
                            "id": "rtbassoc-0c80a9808ba0314e1",
                            "route_table_id": "rtb-0f2e9ae1f38aa1519",
                            "subnet_id": "subnet-03eb37f161d9bf366"
                        },
                        "meta": {},
                        "tainted": false
                    },
                    "deposed": [],
                    "provider": "provider.aws"
                },
                "aws_route_table_association.assosiate.1": {
                    "type": "aws_route_table_association",
                    "depends_on": [
                        "aws_route_table.r",
                        "aws_subnet.subnet.*"
                    ],
                    "primary": {
                        "id": "rtbassoc-0f2aec41b26f12600",
                        "attributes": {
                            "id": "rtbassoc-0f2aec41b26f12600",
                            "route_table_id": "rtb-0f2e9ae1f38aa1519",
                            "subnet_id": "subnet-0012f704c09f1f1ed"
                        },
                        "meta": {},
                        "tainted": false
                    },
                    "deposed": [],
                    "provider": "provider.aws"
                },
                "aws_route_table_association.assosiate.2": {
                    "type": "aws_route_table_association",
                    "depends_on": [
                        "aws_route_table.r",
                        "aws_subnet.subnet.*"
                    ],
                    "primary": {
                        "id": "rtbassoc-0a5b3b34ec9bd71ed",
                        "attributes": {
                            "id": "rtbassoc-0a5b3b34ec9bd71ed",
                            "route_table_id": "rtb-0f2e9ae1f38aa1519",
                            "subnet_id": "subnet-00906550b019efe8a"
                        },
                        "meta": {},
                        "tainted": false
                    },
                    "deposed": [],
                    "provider": "provider.aws"
                },
                "aws_security_group.allow_all": {
                    "type": "aws_security_group",
                    "depends_on": [
                        "aws_vpc.vpc"
                    ],
                    "primary": {
                        "id": "sg-0dbc4802642661712",
                        "attributes": {
                            "arn": "arn:aws:ec2:eu-west-1:373993042843:security-group/sg-0dbc4802642661712",
                            "description": "Allow all inbound traffic",
                            "egress.#": "1",
                            "egress.1403647648.cidr_blocks.#": "1",
                            "egress.1403647648.cidr_blocks.0": "0.0.0.0/0",
                            "egress.1403647648.description": "",
                            "egress.1403647648.from_port": "0",
                            "egress.1403647648.ipv6_cidr_blocks.#": "0",
                            "egress.1403647648.prefix_list_ids.#": "0",
                            "egress.1403647648.protocol": "tcp",
                            "egress.1403647648.security_groups.#": "0",
                            "egress.1403647648.self": "false",
                            "egress.1403647648.to_port": "65535",
                            "id": "sg-0dbc4802642661712",
                            "ingress.#": "3",
                            "ingress.2214680975.cidr_blocks.#": "1",
                            "ingress.2214680975.cidr_blocks.0": "0.0.0.0/0",
                            "ingress.2214680975.description": "",
                            "ingress.2214680975.from_port": "80",
                            "ingress.2214680975.ipv6_cidr_blocks.#": "0",
                            "ingress.2214680975.protocol": "tcp",
                            "ingress.2214680975.security_groups.#": "0",
                            "ingress.2214680975.self": "false",
                            "ingress.2214680975.to_port": "80",
                            "ingress.2541437006.cidr_blocks.#": "1",
                            "ingress.2541437006.cidr_blocks.0": "0.0.0.0/0",
                            "ingress.2541437006.description": "",
                            "ingress.2541437006.from_port": "22",
                            "ingress.2541437006.ipv6_cidr_blocks.#": "0",
                            "ingress.2541437006.protocol": "tcp",
                            "ingress.2541437006.security_groups.#": "0",
                            "ingress.2541437006.self": "false",
                            "ingress.2541437006.to_port": "22",
                            "ingress.2617001939.cidr_blocks.#": "1",
                            "ingress.2617001939.cidr_blocks.0": "0.0.0.0/0",
                            "ingress.2617001939.description": "",
                            "ingress.2617001939.from_port": "443",
                            "ingress.2617001939.ipv6_cidr_blocks.#": "0",
                            "ingress.2617001939.protocol": "tcp",
                            "ingress.2617001939.security_groups.#": "0",
                            "ingress.2617001939.self": "false",
                            "ingress.2617001939.to_port": "443",
                            "name": "allow_all",
                            "owner_id": "373993042843",
                            "revoke_rules_on_delete": "false",
                            "tags.%": "1",
                            "tags.Name": "allow_all",
                            "vpc_id": "vpc-0147077fd0f4292a9"
                        },
                        "meta": {
                            "e2bfb730-ecaa-11e6-8f88-34363bc7c4c0": {
                                "create": 600000000000,
                                "delete": 600000000000
                            },
                            "schema_version": "1"
                        },
                        "tainted": false
                    },
                    "deposed": [],
                    "provider": "provider.aws"
                },
                "aws_subnet.subnet.0": {
                    "type": "aws_subnet",
                    "depends_on": [
                        "aws_vpc.vpc",
                        "data.aws_availability_zones.available"
                    ],
                    "primary": {
                        "id": "subnet-03eb37f161d9bf366",
                        "attributes": {
                            "assign_ipv6_address_on_creation": "false",
                            "availability_zone": "eu-west-1a",
                            "cidr_block": "192.168.1.0/24",
                            "id": "subnet-03eb37f161d9bf366",
                            "map_public_ip_on_launch": "false",
                            "tags.%": "1",
                            "tags.Name": "AZ_eu-west-1a",
                            "vpc_id": "vpc-0147077fd0f4292a9"
                        },
                        "meta": {
                            "schema_version": "1"
                        },
                        "tainted": false
                    },
                    "deposed": [],
                    "provider": "provider.aws"
                },
                "aws_subnet.subnet.1": {
                    "type": "aws_subnet",
                    "depends_on": [
                        "aws_vpc.vpc",
                        "data.aws_availability_zones.available"
                    ],
                    "primary": {
                        "id": "subnet-0012f704c09f1f1ed",
                        "attributes": {
                            "assign_ipv6_address_on_creation": "false",
                            "availability_zone": "eu-west-1b",
                            "cidr_block": "192.168.2.0/24",
                            "id": "subnet-0012f704c09f1f1ed",
                            "map_public_ip_on_launch": "false",
                            "tags.%": "1",
                            "tags.Name": "AZ_eu-west-1b",
                            "vpc_id": "vpc-0147077fd0f4292a9"
                        },
                        "meta": {
                            "schema_version": "1"
                        },
                        "tainted": false
                    },
                    "deposed": [],
                    "provider": "provider.aws"
                },
                "aws_subnet.subnet.2": {
                    "type": "aws_subnet",
                    "depends_on": [
                        "aws_vpc.vpc",
                        "data.aws_availability_zones.available"
                    ],
                    "primary": {
                        "id": "subnet-00906550b019efe8a",
                        "attributes": {
                            "assign_ipv6_address_on_creation": "false",
                            "availability_zone": "eu-west-1c",
                            "cidr_block": "192.168.3.0/24",
                            "id": "subnet-00906550b019efe8a",
                            "map_public_ip_on_launch": "false",
                            "tags.%": "1",
                            "tags.Name": "AZ_eu-west-1c",
                            "vpc_id": "vpc-0147077fd0f4292a9"
                        },
                        "meta": {
                            "schema_version": "1"
                        },
                        "tainted": false
                    },
                    "deposed": [],
                    "provider": "provider.aws"
                },
                "aws_vpc.vpc": {
                    "type": "aws_vpc",
                    "depends_on": [],
                    "primary": {
                        "id": "vpc-0147077fd0f4292a9",
                        "attributes": {
                            "assign_generated_ipv6_cidr_block": "false",
                            "cidr_block": "192.168.0.0/16",
                            "default_network_acl_id": "acl-0d8a87086a2376fe5",
                            "default_route_table_id": "rtb-0aa9715aca4f0aaf8",
                            "default_security_group_id": "sg-029ab18155ca0c3c8",
                            "dhcp_options_id": "dopt-b8cf60dc",
                            "enable_classiclink": "false",
                            "enable_classiclink_dns_support": "false",
                            "enable_dns_hostnames": "false",
                            "enable_dns_support": "true",
                            "id": "vpc-0147077fd0f4292a9",
                            "instance_tenancy": "default",
                            "main_route_table_id": "rtb-0aa9715aca4f0aaf8",
                            "tags.%": "1",
                            "tags.Name": "Danny_v2"
                        },
                        "meta": {
                            "schema_version": "1"
                        },
                        "tainted": false
                    },
                    "deposed": [],
                    "provider": "provider.aws"
                },
                "data.aws_availability_zones.available": {
                    "type": "aws_availability_zones",
                    "depends_on": [],
                    "primary": {
                        "id": "2018-08-06 15:37:04.44779 +0000 UTC",
                        "attributes": {
                            "id": "2018-08-06 15:37:04.44779 +0000 UTC",
                            "names.#": "3",
                            "names.0": "eu-west-1a",
                            "names.1": "eu-west-1b",
                            "names.2": "eu-west-1c"
                        },
                        "meta": {},
                        "tainted": false
                    },
                    "deposed": [],
                    "provider": "provider.aws"
                }
            },
            "depends_on": []
        }
    ]
}
