{
    "version": 3,
    "terraform_version": "0.11.7",
    "serial": 54,
    "lineage": "98cbb1d3-18b7-3d9d-aef3-ece6fb384eb7",
    "modules": [
        {
            "path": [
                "root"
            ],
            "outputs": {},
            "resources": {
                "aws_autoscaling_group.scale_template": {
                    "type": "aws_autoscaling_group",
                    "depends_on": [
                        "aws_launch_template.launch_temp",
                        "aws_lb_target_group.target",
                        "aws_subnet.subnet.*"
                    ],
                    "primary": {
                        "id": "danny_autoscaling_tem",
                        "attributes": {
                            "arn": "arn:aws:autoscaling:eu-west-1:373993042843:autoScalingGroup:3e070006-cda8-45e3-8869-103c26bbce56:autoScalingGroupName/danny_autoscaling_tem",
                            "availability_zones.#": "3",
                            "availability_zones.1924028850": "eu-west-1b",
                            "availability_zones.3953592328": "eu-west-1a",
                            "availability_zones.94988580": "eu-west-1c",
                            "default_cooldown": "300",
                            "desired_capacity": "3",
                            "enabled_metrics.#": "0",
                            "force_delete": "false",
                            "health_check_grace_period": "300",
                            "health_check_type": "EC2",
                            "id": "danny_autoscaling_tem",
                            "launch_configuration": "",
                            "launch_template.#": "1",
                            "launch_template.0.id": "lt-0f1145669e7c129ec",
                            "launch_template.0.name": "danny_launch_template20180813123159771300000001",
                            "launch_template.0.version": "$Latest",
                            "load_balancers.#": "0",
                            "max_size": "5",
                            "metrics_granularity": "1Minute",
                            "min_size": "3",
                            "name": "danny_autoscaling_tem",
                            "placement_group": "",
                            "protect_from_scale_in": "false",
                            "service_linked_role_arn": "arn:aws:iam::373993042843:role/aws-service-role/autoscaling.amazonaws.com/AWSServiceRoleForAutoScaling",
                            "suspended_processes.#": "0",
                            "tag.#": "0",
                            "target_group_arns.#": "1",
                            "target_group_arns.2652883614": "arn:aws:elasticloadbalancing:eu-west-1:373993042843:targetgroup/danny-target/7991e09287ddc41e",
                            "termination_policies.#": "0",
                            "vpc_zone_identifier.#": "3",
                            "vpc_zone_identifier.2299167737": "subnet-04ca14b0d51cdcd57",
                            "vpc_zone_identifier.3291526654": "subnet-0f0e7ab00f0dd03f5",
                            "vpc_zone_identifier.3759105226": "subnet-08428a6a4824ab64d",
                            "wait_for_capacity_timeout": "10m"
                        },
                        "meta": {
                            "e2bfb730-ecaa-11e6-8f88-34363bc7c4c0": {
                                "delete": 600000000000
                            }
                        },
                        "tainted": false
                    },
                    "deposed": [],
                    "provider": "provider.aws"
                },
                "aws_instance.web": {
                    "type": "aws_instance",
                    "depends_on": [
                        "aws_key_pair.CogKey",
                        "aws_security_group.allow_all",
                        "aws_subnet.subnet"
                    ],
                    "primary": {
                        "id": "i-03975b87735494b56",
                        "attributes": {
                            "ami": "ami-3548444c",
                            "associate_public_ip_address": "true",
                            "availability_zone": "eu-west-1a",
                            "credit_specification.#": "1",
                            "credit_specification.0.cpu_credits": "standard",
                            "disable_api_termination": "false",
                            "ebs_block_device.#": "0",
                            "ebs_optimized": "false",
                            "ephemeral_block_device.#": "0",
                            "get_password_data": "false",
                            "iam_instance_profile": "",
                            "id": "i-03975b87735494b56",
                            "instance_state": "running",
                            "instance_type": "t2.micro",
                            "ipv6_addresses.#": "0",
                            "key_name": "Cog-key",
                            "monitoring": "false",
                            "network_interface.#": "0",
                            "network_interface_id": "eni-038e36e08fd49e21a",
                            "password_data": "",
                            "placement_group": "",
                            "primary_network_interface_id": "eni-038e36e08fd49e21a",
                            "private_dns": "ip-192-168-1-188.eu-west-1.compute.internal",
                            "private_ip": "192.168.1.188",
                            "public_dns": "",
                            "public_ip": "54.171.64.98",
                            "root_block_device.#": "1",
                            "root_block_device.0.delete_on_termination": "false",
                            "root_block_device.0.iops": "100",
                            "root_block_device.0.volume_id": "vol-0287be43c115733c1",
                            "root_block_device.0.volume_size": "8",
                            "root_block_device.0.volume_type": "gp2",
                            "security_groups.#": "0",
                            "source_dest_check": "true",
                            "subnet_id": "subnet-08428a6a4824ab64d",
                            "tags.%": "1",
                            "tags.Name": "danny_bastian_host",
                            "tenancy": "default",
                            "volume_tags.%": "0",
                            "vpc_security_group_ids.#": "1",
                            "vpc_security_group_ids.581000688": "sg-013fb5755983215ad"
                        },
                        "meta": {
                            "e2bfb730-ecaa-11e6-8f88-34363bc7c4c0": {
                                "create": 600000000000,
                                "delete": 1200000000000,
                                "update": 600000000000
                            },
                            "schema_version": "1"
                        },
                        "tainted": false
                    },
                    "deposed": [],
                    "provider": "provider.aws"
                },
                "aws_internet_gateway.gw": {
                    "type": "aws_internet_gateway",
                    "depends_on": [
                        "aws_vpc.vpc"
                    ],
                    "primary": {
                        "id": "igw-0e9a343641efbecbb",
                        "attributes": {
                            "id": "igw-0e9a343641efbecbb",
                            "tags.%": "1",
                            "tags.Name": "Danny_v2",
                            "vpc_id": "vpc-0c199e1b12f1148c7"
                        },
                        "meta": {},
                        "tainted": false
                    },
                    "deposed": [],
                    "provider": "provider.aws"
                },
                "aws_key_pair.CogKey": {
                    "type": "aws_key_pair",
                    "depends_on": [],
                    "primary": {
                        "id": "Cog-key",
                        "attributes": {
                            "id": "Cog-key",
                            "key_name": "Cog-key",
                            "public_key": "ssh-rsa AAAAB3NzaC1yc2EAAAADAQABAAACAQD+oRVk9JQSVpA913KHY4LZp788P/9jG/0cGURjAJSKv4jRddmC2Q4W0whpt/yTh0OTKYWwTfdq3zBQqwjWVjzJBviUmL0gsDTUEMTkIA+gLZ/mfiJol5bBVZ7vqDK/UqiroWGjGDUwjK4WQFGaMNl5Agij+guoHimqyfmCw34HXMOcJX08WzqnbDHuDAUvq8j+Le3SFKZg8dnjVUibHYF7MC1/Y2AbCKID5oumWZ+7uS0SFgrBhfAgatIhBT+DKn/goncgWevwPeL13YSnNGn8kw+GG8H3145TfAa7Ixbb1rn350QIRgRUqe717Ja2TVAA3ywAjZXmNKJG2T4tZy08DNsDG9HPXgC2Gt0+9AxzfJ7p1SMAB5pbBoEA1/k3JtWDoyWgYCjmcvLcbswGI8FiORg4CRw7jccRkHDBRc4rY6WMlGpJzlGGiq7JYjgFAjq4GoJ1OxLm0YYvFqzDH2BENJnZFz+ObltSCMHtrV7OHj6wvTXo+Ac+CBxcVw/rYvMdJi4AT8e+qpp7MHPd+nwiCce+6f5tyw4ZgGGTB3TYczkd4MhOQKWqi3a2moCSS+dPkdkjcXMWiQ9enq8yL/bbwGssWq9gwoYrCJnKKD3xVFc6GkFKRQrdzSjyDOiK5cqdkghfFGPm1UJmtT7Bv387twbf21EM1xUcIYnTT4N18w== danny.lyubenov@accessorized.cognitobv.office"
                        },
                        "meta": {
                            "schema_version": "1"
                        },
                        "tainted": false
                    },
                    "deposed": [],
                    "provider": "provider.aws"
                },
                "aws_launch_template.launch_temp": {
                    "type": "aws_launch_template",
                    "depends_on": [
                        "aws_key_pair.CogKey",
                        "aws_security_group.allow_all"
                    ],
                    "primary": {
                        "id": "lt-0f1145669e7c129ec",
                        "attributes": {
                            "block_device_mappings.#": "0",
                            "credit_specification.#": "0",
                            "default_version": "1",
                            "disable_api_termination": "false",
                            "ebs_optimized": "false",
                            "elastic_gpu_specifications.#": "0",
                            "iam_instance_profile.#": "0",
                            "id": "lt-0f1145669e7c129ec",
                            "image_id": "ami-3548444c",
                            "instance_initiated_shutdown_behavior": "",
                            "instance_market_options.#": "0",
                            "instance_type": "t2.micro",
                            "kernel_id": "",
                            "key_name": "Cog-key",
                            "latest_version": "1",
                            "monitoring.#": "0",
                            "name": "danny_launch_template20180813123159771300000001",
                            "name_prefix": "danny_launch_template",
                            "network_interfaces.#": "1",
                            "network_interfaces.0.associate_public_ip_address": "false",
                            "network_interfaces.0.delete_on_termination": "false",
                            "network_interfaces.0.description": "",
                            "network_interfaces.0.device_index": "0",
                            "network_interfaces.0.ipv4_address_count": "0",
                            "network_interfaces.0.ipv4_addresses.#": "0",
                            "network_interfaces.0.ipv6_address_count": "0",
                            "network_interfaces.0.ipv6_addresses.#": "0",
                            "network_interfaces.0.network_interface_id": "",
                            "network_interfaces.0.private_ip_address": "",
                            "network_interfaces.0.security_groups.#": "1",
                            "network_interfaces.0.security_groups.3734394344": "sg-013fb5755983215ad",
                            "network_interfaces.0.subnet_id": "",
                            "placement.#": "0",
                            "ram_disk_id": "",
                            "security_group_names.#": "0",
                            "tag_specifications.#": "1",
                            "tag_specifications.0.resource_type": "instance",
                            "tag_specifications.0.tags.%": "1",
                            "tag_specifications.0.tags.Name": "danny_instance",
                            "tags.%": "0",
                            "user_data": "",
                            "vpc_security_group_ids.#": "0"
                        },
                        "meta": {},
                        "tainted": false
                    },
                    "deposed": [],
                    "provider": "provider.aws"
                },
                "aws_lb_target_group.target": {
                    "type": "aws_lb_target_group",
                    "depends_on": [
                        "aws_vpc.vpc"
                    ],
                    "primary": {
                        "id": "arn:aws:elasticloadbalancing:eu-west-1:373993042843:targetgroup/danny-target/7991e09287ddc41e",
                        "attributes": {
                            "arn": "arn:aws:elasticloadbalancing:eu-west-1:373993042843:targetgroup/danny-target/7991e09287ddc41e",
                            "arn_suffix": "targetgroup/danny-target/7991e09287ddc41e",
                            "deregistration_delay": "300",
                            "health_check.#": "1",
                            "health_check.0.healthy_threshold": "3",
                            "health_check.0.interval": "30",
                            "health_check.0.matcher": "200",
                            "health_check.0.path": "/",
                            "health_check.0.port": "traffic-port",
                            "health_check.0.protocol": "HTTP",
                            "health_check.0.timeout": "10",
                            "health_check.0.unhealthy_threshold": "3",
                            "id": "arn:aws:elasticloadbalancing:eu-west-1:373993042843:targetgroup/danny-target/7991e09287ddc41e",
                            "name": "danny-target",
                            "port": "80",
                            "protocol": "HTTP",
                            "proxy_protocol_v2": "false",
                            "slow_start": "0",
                            "stickiness.#": "1",
                            "stickiness.0.cookie_duration": "86400",
                            "stickiness.0.enabled": "false",
                            "stickiness.0.type": "lb_cookie",
                            "tags.%": "0",
                            "target_type": "instance",
                            "vpc_id": "vpc-0c199e1b12f1148c7"
                        },
                        "meta": {},
                        "tainted": false
                    },
                    "deposed": [],
                    "provider": "provider.aws"
                },
                "aws_route.r": {
                    "type": "aws_route",
                    "depends_on": [
                        "aws_internet_gateway.gw",
                        "aws_route_table.r"
                    ],
                    "primary": {
                        "id": "r-rtb-02107c298e39c295f1080289494",
                        "attributes": {
                            "destination_cidr_block": "0.0.0.0/0",
                            "destination_prefix_list_id": "",
                            "egress_only_gateway_id": "",
                            "gateway_id": "igw-0e9a343641efbecbb",
                            "id": "r-rtb-02107c298e39c295f1080289494",
                            "instance_id": "",
                            "instance_owner_id": "",
                            "nat_gateway_id": "",
                            "network_interface_id": "",
                            "origin": "CreateRoute",
                            "route_table_id": "rtb-02107c298e39c295f",
                            "state": "active",
                            "vpc_peering_connection_id": ""
                        },
                        "meta": {
                            "e2bfb730-ecaa-11e6-8f88-34363bc7c4c0": {
                                "create": 120000000000,
                                "delete": 300000000000
                            }
                        },
                        "tainted": false
                    },
                    "deposed": [],
                    "provider": "provider.aws"
                },
                "aws_route_table.r": {
                    "type": "aws_route_table",
                    "depends_on": [
                        "aws_vpc.vpc"
                    ],
                    "primary": {
                        "id": "rtb-02107c298e39c295f",
                        "attributes": {
                            "id": "rtb-02107c298e39c295f",
                            "propagating_vgws.#": "0",
                            "route.#": "0",
                            "tags.%": "1",
                            "tags.Name": "Danny_v2-public",
                            "vpc_id": "vpc-0c199e1b12f1148c7"
                        },
                        "meta": {},
                        "tainted": false
                    },
                    "deposed": [],
                    "provider": "provider.aws"
                },
                "aws_route_table_association.assosiate.0": {
                    "type": "aws_route_table_association",
                    "depends_on": [
                        "aws_route_table.r",
                        "aws_subnet.subnet.*"
                    ],
                    "primary": {
                        "id": "rtbassoc-0924a7bff8e7a0dad",
                        "attributes": {
                            "id": "rtbassoc-0924a7bff8e7a0dad",
                            "route_table_id": "rtb-02107c298e39c295f",
                            "subnet_id": "subnet-08428a6a4824ab64d"
                        },
                        "meta": {},
                        "tainted": false
                    },
                    "deposed": [],
                    "provider": "provider.aws"
                },
                "aws_route_table_association.assosiate.1": {
                    "type": "aws_route_table_association",
                    "depends_on": [
                        "aws_route_table.r",
                        "aws_subnet.subnet.*"
                    ],
                    "primary": {
                        "id": "rtbassoc-090d61842afd4d051",
                        "attributes": {
                            "id": "rtbassoc-090d61842afd4d051",
                            "route_table_id": "rtb-02107c298e39c295f",
                            "subnet_id": "subnet-0f0e7ab00f0dd03f5"
                        },
                        "meta": {},
                        "tainted": false
                    },
                    "deposed": [],
                    "provider": "provider.aws"
                },
                "aws_route_table_association.assosiate.2": {
                    "type": "aws_route_table_association",
                    "depends_on": [
                        "aws_route_table.r",
                        "aws_subnet.subnet.*"
                    ],
                    "primary": {
                        "id": "rtbassoc-07a3ceb07d3b296f7",
                        "attributes": {
                            "id": "rtbassoc-07a3ceb07d3b296f7",
                            "route_table_id": "rtb-02107c298e39c295f",
                            "subnet_id": "subnet-04ca14b0d51cdcd57"
                        },
                        "meta": {},
                        "tainted": false
                    },
                    "deposed": [],
                    "provider": "provider.aws"
                },
                "aws_security_group.allow_all": {
                    "type": "aws_security_group",
                    "depends_on": [
                        "aws_vpc.vpc"
                    ],
                    "primary": {
                        "id": "sg-013fb5755983215ad",
                        "attributes": {
                            "arn": "arn:aws:ec2:eu-west-1:373993042843:security-group/sg-013fb5755983215ad",
                            "description": "Allow all inbound traffic",
                            "egress.#": "1",
                            "egress.1403647648.cidr_blocks.#": "1",
                            "egress.1403647648.cidr_blocks.0": "0.0.0.0/0",
                            "egress.1403647648.description": "",
                            "egress.1403647648.from_port": "0",
                            "egress.1403647648.ipv6_cidr_blocks.#": "0",
                            "egress.1403647648.prefix_list_ids.#": "0",
                            "egress.1403647648.protocol": "tcp",
                            "egress.1403647648.security_groups.#": "0",
                            "egress.1403647648.self": "false",
                            "egress.1403647648.to_port": "65535",
                            "id": "sg-013fb5755983215ad",
                            "ingress.#": "3",
                            "ingress.2214680975.cidr_blocks.#": "1",
                            "ingress.2214680975.cidr_blocks.0": "0.0.0.0/0",
                            "ingress.2214680975.description": "",
                            "ingress.2214680975.from_port": "80",
                            "ingress.2214680975.ipv6_cidr_blocks.#": "0",
                            "ingress.2214680975.protocol": "tcp",
                            "ingress.2214680975.security_groups.#": "0",
                            "ingress.2214680975.self": "false",
                            "ingress.2214680975.to_port": "80",
                            "ingress.2541437006.cidr_blocks.#": "1",
                            "ingress.2541437006.cidr_blocks.0": "0.0.0.0/0",
                            "ingress.2541437006.description": "",
                            "ingress.2541437006.from_port": "22",
                            "ingress.2541437006.ipv6_cidr_blocks.#": "0",
                            "ingress.2541437006.protocol": "tcp",
                            "ingress.2541437006.security_groups.#": "0",
                            "ingress.2541437006.self": "false",
                            "ingress.2541437006.to_port": "22",
                            "ingress.2617001939.cidr_blocks.#": "1",
                            "ingress.2617001939.cidr_blocks.0": "0.0.0.0/0",
                            "ingress.2617001939.description": "",
                            "ingress.2617001939.from_port": "443",
                            "ingress.2617001939.ipv6_cidr_blocks.#": "0",
                            "ingress.2617001939.protocol": "tcp",
                            "ingress.2617001939.security_groups.#": "0",
                            "ingress.2617001939.self": "false",
                            "ingress.2617001939.to_port": "443",
                            "name": "allow_all",
                            "owner_id": "373993042843",
                            "revoke_rules_on_delete": "false",
                            "tags.%": "1",
                            "tags.Name": "allow_all",
                            "vpc_id": "vpc-0c199e1b12f1148c7"
                        },
                        "meta": {
                            "e2bfb730-ecaa-11e6-8f88-34363bc7c4c0": {
                                "create": 600000000000,
                                "delete": 600000000000
                            },
                            "schema_version": "1"
                        },
                        "tainted": false
                    },
                    "deposed": [],
                    "provider": "provider.aws"
                },
                "aws_subnet.subnet.0": {
                    "type": "aws_subnet",
                    "depends_on": [
                        "aws_vpc.vpc",
                        "data.aws_availability_zones.available"
                    ],
                    "primary": {
                        "id": "subnet-08428a6a4824ab64d",
                        "attributes": {
                            "assign_ipv6_address_on_creation": "false",
                            "availability_zone": "eu-west-1a",
                            "cidr_block": "192.168.1.0/24",
                            "id": "subnet-08428a6a4824ab64d",
                            "map_public_ip_on_launch": "false",
                            "tags.%": "1",
                            "tags.Name": "AZ_eu-west-1b",
                            "vpc_id": "vpc-0c199e1b12f1148c7"
                        },
                        "meta": {
                            "schema_version": "1"
                        },
                        "tainted": false
                    },
                    "deposed": [],
                    "provider": "provider.aws"
                },
                "aws_subnet.subnet.1": {
                    "type": "aws_subnet",
                    "depends_on": [
                        "aws_vpc.vpc",
                        "data.aws_availability_zones.available"
                    ],
                    "primary": {
                        "id": "subnet-0f0e7ab00f0dd03f5",
                        "attributes": {
                            "assign_ipv6_address_on_creation": "false",
                            "availability_zone": "eu-west-1b",
                            "cidr_block": "192.168.2.0/24",
                            "id": "subnet-0f0e7ab00f0dd03f5",
                            "map_public_ip_on_launch": "false",
                            "tags.%": "1",
                            "tags.Name": "AZ_eu-west-1c",
                            "vpc_id": "vpc-0c199e1b12f1148c7"
                        },
                        "meta": {
                            "schema_version": "1"
                        },
                        "tainted": false
                    },
                    "deposed": [],
                    "provider": "provider.aws"
                },
                "aws_subnet.subnet.2": {
                    "type": "aws_subnet",
                    "depends_on": [
                        "aws_vpc.vpc",
                        "data.aws_availability_zones.available"
                    ],
                    "primary": {
                        "id": "subnet-04ca14b0d51cdcd57",
                        "attributes": {
                            "assign_ipv6_address_on_creation": "false",
                            "availability_zone": "eu-west-1c",
                            "cidr_block": "192.168.3.0/24",
                            "id": "subnet-04ca14b0d51cdcd57",
                            "map_public_ip_on_launch": "false",
                            "tags.%": "1",
                            "tags.Name": "AZ_eu-west-1a",
                            "vpc_id": "vpc-0c199e1b12f1148c7"
                        },
                        "meta": {
                            "schema_version": "1"
                        },
                        "tainted": false
                    },
                    "deposed": [],
                    "provider": "provider.aws"
                },
                "aws_vpc.vpc": {
                    "type": "aws_vpc",
                    "depends_on": [],
                    "primary": {
                        "id": "vpc-0c199e1b12f1148c7",
                        "attributes": {
                            "assign_generated_ipv6_cidr_block": "false",
                            "cidr_block": "192.168.0.0/16",
                            "default_network_acl_id": "acl-071552a6c5cb73c99",
                            "default_route_table_id": "rtb-0f645f1442babac87",
                            "default_security_group_id": "sg-0fedb633de63c9abc",
                            "dhcp_options_id": "dopt-b8cf60dc",
                            "enable_classiclink": "false",
                            "enable_classiclink_dns_support": "false",
                            "enable_dns_hostnames": "false",
                            "enable_dns_support": "true",
                            "id": "vpc-0c199e1b12f1148c7",
                            "instance_tenancy": "default",
                            "main_route_table_id": "rtb-0f645f1442babac87",
                            "tags.%": "1",
                            "tags.Name": "Danny_v2"
                        },
                        "meta": {
                            "schema_version": "1"
                        },
                        "tainted": false
                    },
                    "deposed": [],
                    "provider": "provider.aws"
                },
                "data.aws_availability_zones.available": {
                    "type": "aws_availability_zones",
                    "depends_on": [],
                    "primary": {
                        "id": "2018-08-13 12:31:18.073706 +0000 UTC",
                        "attributes": {
                            "id": "2018-08-13 12:31:18.073706 +0000 UTC",
                            "names.#": "3",
                            "names.0": "eu-west-1a",
                            "names.1": "eu-west-1b",
                            "names.2": "eu-west-1c"
                        },
                        "meta": {},
                        "tainted": false
                    },
                    "deposed": [],
                    "provider": "provider.aws"
                }
            },
            "depends_on": []
        }
    ]
}
